
Microsoft Visual Studio Solution File, Format Version 12.00
# Visual Studio 2012
Project("{FAE04EC0-301F-11D3-BF4B-00C04F79EFBC}") = "MyActivitiesPlanner", "MyActivitiesPlanner\MyActivitiesPlanner.csproj", "{3A75D0D8-1486-4117-886A-E136B53601FE}"
EndProject
Global
	GlobalSection(SolutionConfigurationPlatforms) = preSolution
		Debug|Any CPU = Debug|Any CPU
		Release|Any CPU = Release|Any CPU
	EndGlobalSection
	GlobalSection(ProjectConfigurationPlatforms) = postSolution
		{3A75D0D8-1486-4117-886A-E136B53601FE}.Debug|Any CPU.ActiveCfg = Debug|Any CPU
		{3A75D0D8-1486-4117-886A-E136B53601FE}.Debug|Any CPU.Build.0 = Debug|Any CPU
		{3A75D0D8-1486-4117-886A-E136B53601FE}.Release|Any CPU.ActiveCfg = Release|Any CPU
		{3A75D0D8-1486-4117-886A-E136B53601FE}.Release|Any CPU.Build.0 = Release|Any CPU
	EndGlobalSection
	GlobalSection(SolutionProperties) = preSolution
		HideSolutionNode = FALSE
	EndGlobalSection
EndGlobal
